
Microsoft Visual Studio Solution File, Format Version 12.00
# Visual Studio Version 16
VisualStudioVersion = 16.0.32802.440
MinimumVisualStudioVersion = 10.0.40219.1
Project("{8BC9CEB8-8B4A-11D0-8D11-00A0C91BC942}") = "test_9_20", "test_9_20\test_9_20.vcxproj", "{3FBFF618-3E0C-4C38-AF4F-E85DF8863B13}"
EndProject
Global
	GlobalSection(SolutionConfigurationPlatforms) = preSolution
		Debug|x64 = Debug|x64
		Debug|x86 = Debug|x86
		Release|x64 = Release|x64
		Release|x86 = Release|x86
	EndGlobalSection
	GlobalSection(ProjectConfigurationPlatforms) = postSolution
		{3FBFF618-3E0C-4C38-AF4F-E85DF8863B13}.Debug|x64.ActiveCfg = Debug|x64
		{3FBFF618-3E0C-4C38-AF4F-E85DF8863B13}.Debug|x64.Build.0 = Debug|x64
		{3FBFF618-3E0C-4C38-AF4F-E85DF8863B13}.Debug|x86.ActiveCfg = Debug|Win32
		{3FBFF618-3E0C-4C38-AF4F-E85DF8863B13}.Debug|x86.Build.0 = Debug|Win32
		{3FBFF618-3E0C-4C38-AF4F-E85DF8863B13}.Release|x64.ActiveCfg = Release|x64
		{3FBFF618-3E0C-4C38-AF4F-E85DF8863B13}.Release|x64.Build.0 = Release|x64
		{3FBFF618-3E0C-4C38-AF4F-E85DF8863B13}.Release|x86.ActiveCfg = Release|Win32
		{3FBFF618-3E0C-4C38-AF4F-E85DF8863B13}.Release|x86.Build.0 = Release|Win32
	EndGlobalSection
	GlobalSection(SolutionProperties) = preSolution
		HideSolutionNode = FALSE
	EndGlobalSection
	GlobalSection(ExtensibilityGlobals) = postSolution
		SolutionGuid = {FAB39329-F316-4D29-B0AB-CD0679CB68E6}
	EndGlobalSection
EndGlobal
